
Microsoft Visual Studio Solution File, Format Version 12.00
# Visual Studio Version 16
VisualStudioVersion = 16.0.31911.196
MinimumVisualStudioVersion = 10.0.40219.1
Project("{FAE04EC0-301F-11D3-BF4B-00C04F79EFBC}") = "LinqLAB", "LinqLAB.csproj", "{BD79B0BC-F1FF-4E44-8D97-5964D84FDC04}"
EndProject
Global
	GlobalSection(SolutionConfigurationPlatforms) = preSolution
		Debug|Any CPU = Debug|Any CPU
		Release|Any CPU = Release|Any CPU
	EndGlobalSection
	GlobalSection(ProjectConfigurationPlatforms) = postSolution
		{BD79B0BC-F1FF-4E44-8D97-5964D84FDC04}.Debug|Any CPU.ActiveCfg = Debug|Any CPU
		{BD79B0BC-F1FF-4E44-8D97-5964D84FDC04}.Debug|Any CPU.Build.0 = Debug|Any CPU
		{BD79B0BC-F1FF-4E44-8D97-5964D84FDC04}.Release|Any CPU.ActiveCfg = Release|Any CPU
		{BD79B0BC-F1FF-4E44-8D97-5964D84FDC04}.Release|Any CPU.Build.0 = Release|Any CPU
	EndGlobalSection
	GlobalSection(SolutionProperties) = preSolution
		HideSolutionNode = FALSE
	EndGlobalSection
	GlobalSection(ExtensibilityGlobals) = postSolution
		SolutionGuid = {DB361CAA-1388-4947-B97E-DE3F3EC338F6}
	EndGlobalSection
EndGlobal
